Microsoft Visual Studio Solution File, Format Version 12.00
# Visual Studio Version 17
VisualStudioVersion = 17.0.31903.59
MinimumVisualStudioVersion = 10.0.40219.1
Project("{FAE04EC0-301F-11D3-BF4B-00C04F79EFBC}") = "MusicaAprender.Api", "apps\api\MusicaAprender.Api.csproj", "{6FC1D9D6-654E-5E79-A641-54E1B8C791C1}"
EndProject
Project("{FAE04EC0-301F-11D3-BF4B-00C04F79EFBC}") = "MusicaAprender.Worker", "apps\worker\MusicaAprender.Worker.csproj", "{04D2F35E-1025-5B54-AC03-9CF52F1A4194}"
EndProject
Project("{FAE04EC0-301F-11D3-BF4B-00C04F79EFBC}") = "MusicaAprender.BuildingBlocks.Domain", "src\BuildingBlocks\Domain\MusicaAprender.BuildingBlocks.Domain.csproj", "{321A35BE-7B61-5593-9003-25ED60010F64}"
EndProject
Project("{FAE04EC0-301F-11D3-BF4B-00C04F79EFBC}") = "MusicaAprender.BuildingBlocks.Application", "src\BuildingBlocks\Application\MusicaAprender.BuildingBlocks.Application.csproj", "{A5E403E0-2617-5260-ACD5-5F3AE68A0799}"
EndProject
Project("{FAE04EC0-301F-11D3-BF4B-00C04F79EFBC}") = "MusicaAprender.BuildingBlocks.Infrastructure", "src\BuildingBlocks\Infrastructure\MusicaAprender.BuildingBlocks.Infrastructure.csproj", "{A811FAB9-54CA-500F-835F-1D14EC38D3F2}"
EndProject
Project("{FAE04EC0-301F-11D3-BF4B-00C04F79EFBC}") = "MusicaAprender.BuildingBlocks.Contracts", "src\BuildingBlocks\Contracts\MusicaAprender.BuildingBlocks.Contracts.csproj", "{BC5A8F6E-3416-5461-A059-36C59B1B9D5B}"
EndProject
Project("{FAE04EC0-301F-11D3-BF4B-00C04F79EFBC}") = "MusicaAprender.Modules.Identity", "src\Modules\Identity\MusicaAprender.Modules.Identity.csproj", "{35D38D78-28EF-51BF-95E6-A44AE1E6DB7F}"
EndProject
Project("{FAE04EC0-301F-11D3-BF4B-00C04F79EFBC}") = "MusicaAprender.Modules.Security", "src\Modules\Security\MusicaAprender.Modules.Security.csproj", "{55FBF042-78D0-5C35-9393-397DFEBBF89A}"
EndProject
Project("{FAE04EC0-301F-11D3-BF4B-00C04F79EFBC}") = "MusicaAprender.Modules.Catalog", "src\Modules\Catalog\MusicaAprender.Modules.Catalog.csproj", "{72E4515B-8D70-5DE0-A928-0C6AD3EC25E9}"
EndProject
Project("{FAE04EC0-301F-11D3-BF4B-00C04F79EFBC}") = "MusicaAprender.Modules.Content", "src\Modules\Content\MusicaAprender.Modules.Content.csproj", "{8E9176D2-7891-5AAD-805F-66AF40F42ABE}"
EndProject
Project("{FAE04EC0-301F-11D3-BF4B-00C04F79EFBC}") = "MusicaAprender.Modules.Learning", "src\Modules\Learning\MusicaAprender.Modules.Learning.csproj", "{9F473E96-CD59-530B-9C97-DDCFE4AC35A3}"
EndProject
Project("{FAE04EC0-301F-11D3-BF4B-00C04F79EFBC}") = "MusicaAprender.Modules.Progress", "src\Modules\Progress\MusicaAprender.Modules.Progress.csproj", "{E50B17F4-03B8-51E2-A5BD-9BC908953069}"
EndProject
Project("{FAE04EC0-301F-11D3-BF4B-00C04F79EFBC}") = "MusicaAprender.Modules.Editorial", "src\Modules\Editorial\MusicaAprender.Modules.Editorial.csproj", "{F14393F9-EC23-5861-9B71-F96B8B8DF99F}"
EndProject
Project("{FAE04EC0-301F-11D3-BF4B-00C04F79EFBC}") = "MusicaAprender.Modules.Configuration", "src\Modules\Configuration\MusicaAprender.Modules.Configuration.csproj", "{72335009-8686-52D2-8B15-DDA51E49A69C}"
EndProject
Project("{FAE04EC0-301F-11D3-BF4B-00C04F79EFBC}") = "MusicaAprender.UnitTests", "tests\UnitTests\MusicaAprender.UnitTests.csproj", "{1FEC4E67-66D5-5294-B8A1-A649A95DA900}"
EndProject
Project("{FAE04EC0-301F-11D3-BF4B-00C04F79EFBC}") = "MusicaAprender.IntegrationTests", "tests\IntegrationTests\MusicaAprender.IntegrationTests.csproj", "{84F189CE-0C25-524D-8252-780F0B6D5497}"
EndProject
Project("{FAE04EC0-301F-11D3-BF4B-00C04F79EFBC}") = "MusicaAprender.ArchitectureTests", "tests\ArchitectureTests\MusicaAprender.ArchitectureTests.csproj", "{72A0ACC3-D72F-56B5-80F0-009331AB8907}"
EndProject
Global
	GlobalSection(SolutionConfigurationPlatforms) = preSolution
		Debug|Any CPU = Debug|Any CPU
		Release|Any CPU = Release|Any CPU
	EndGlobalSection
	GlobalSection(ProjectConfigurationPlatforms) = postSolution
		{6FC1D9D6-654E-5E79-A641-54E1B8C791C1}.Debug|Any CPU.ActiveCfg = Debug|Any CPU
		{6FC1D9D6-654E-5E79-A641-54E1B8C791C1}.Debug|Any CPU.Build.0 = Debug|Any CPU
		{6FC1D9D6-654E-5E79-A641-54E1B8C791C1}.Release|Any CPU.ActiveCfg = Release|Any CPU
		{6FC1D9D6-654E-5E79-A641-54E1B8C791C1}.Release|Any CPU.Build.0 = Release|Any CPU
		{04D2F35E-1025-5B54-AC03-9CF52F1A4194}.Debug|Any CPU.ActiveCfg = Debug|Any CPU
		{04D2F35E-1025-5B54-AC03-9CF52F1A4194}.Debug|Any CPU.Build.0 = Debug|Any CPU
		{04D2F35E-1025-5B54-AC03-9CF52F1A4194}.Release|Any CPU.ActiveCfg = Release|Any CPU
		{04D2F35E-1025-5B54-AC03-9CF52F1A4194}.Release|Any CPU.Build.0 = Release|Any CPU
		{321A35BE-7B61-5593-9003-25ED60010F64}.Debug|Any CPU.ActiveCfg = Debug|Any CPU
		{321A35BE-7B61-5593-9003-25ED60010F64}.Debug|Any CPU.Build.0 = Debug|Any CPU
		{321A35BE-7B61-5593-9003-25ED60010F64}.Release|Any CPU.ActiveCfg = Release|Any CPU
		{321A35BE-7B61-5593-9003-25ED60010F64}.Release|Any CPU.Build.0 = Release|Any CPU
		{A5E403E0-2617-5260-ACD5-5F3AE68A0799}.Debug|Any CPU.ActiveCfg = Debug|Any CPU
		{A5E403E0-2617-5260-ACD5-5F3AE68A0799}.Debug|Any CPU.Build.0 = Debug|Any CPU
		{A5E403E0-2617-5260-ACD5-5F3AE68A0799}.Release|Any CPU.ActiveCfg = Release|Any CPU
		{A5E403E0-2617-5260-ACD5-5F3AE68A0799}.Release|Any CPU.Build.0 = Release|Any CPU
		{A811FAB9-54CA-500F-835F-1D14EC38D3F2}.Debug|Any CPU.ActiveCfg = Debug|Any CPU
		{A811FAB9-54CA-500F-835F-1D14EC38D3F2}.Debug|Any CPU.Build.0 = Debug|Any CPU
		{A811FAB9-54CA-500F-835F-1D14EC38D3F2}.Release|Any CPU.ActiveCfg = Release|Any CPU
		{A811FAB9-54CA-500F-835F-1D14EC38D3F2}.Release|Any CPU.Build.0 = Release|Any CPU
		{BC5A8F6E-3416-5461-A059-36C59B1B9D5B}.Debug|Any CPU.ActiveCfg = Debug|Any CPU
		{BC5A8F6E-3416-5461-A059-36C59B1B9D5B}.Debug|Any CPU.Build.0 = Debug|Any CPU
		{BC5A8F6E-3416-5461-A059-36C59B1B9D5B}.Release|Any CPU.ActiveCfg = Release|Any CPU
		{BC5A8F6E-3416-5461-A059-36C59B1B9D5B}.Release|Any CPU.Build.0 = Release|Any CPU
		{35D38D78-28EF-51BF-95E6-A44AE1E6DB7F}.Debug|Any CPU.ActiveCfg = Debug|Any CPU
		{35D38D78-28EF-51BF-95E6-A44AE1E6DB7F}.Debug|Any CPU.Build.0 = Debug|Any CPU
		{35D38D78-28EF-51BF-95E6-A44AE1E6DB7F}.Release|Any CPU.ActiveCfg = Release|Any CPU
		{35D38D78-28EF-51BF-95E6-A44AE1E6DB7F}.Release|Any CPU.Build.0 = Release|Any CPU
		{55FBF042-78D0-5C35-9393-397DFEBBF89A}.Debug|Any CPU.ActiveCfg = Debug|Any CPU
		{55FBF042-78D0-5C35-9393-397DFEBBF89A}.Debug|Any CPU.Build.0 = Debug|Any CPU
		{55FBF042-78D0-5C35-9393-397DFEBBF89A}.Release|Any CPU.ActiveCfg = Release|Any CPU
		{55FBF042-78D0-5C35-9393-397DFEBBF89A}.Release|Any CPU.Build.0 = Release|Any CPU
		{72E4515B-8D70-5DE0-A928-0C6AD3EC25E9}.Debug|Any CPU.ActiveCfg = Debug|Any CPU
		{72E4515B-8D70-5DE0-A928-0C6AD3EC25E9}.Debug|Any CPU.Build.0 = Debug|Any CPU
		{72E4515B-8D70-5DE0-A928-0C6AD3EC25E9}.Release|Any CPU.ActiveCfg = Release|Any CPU
		{72E4515B-8D70-5DE0-A928-0C6AD3EC25E9}.Release|Any CPU.Build.0 = Release|Any CPU
		{8E9176D2-7891-5AAD-805F-66AF40F42ABE}.Debug|Any CPU.ActiveCfg = Debug|Any CPU
		{8E9176D2-7891-5AAD-805F-66AF40F42ABE}.Debug|Any CPU.Build.0 = Debug|Any CPU
		{8E9176D2-7891-5AAD-805F-66AF40F42ABE}.Release|Any CPU.ActiveCfg = Release|Any CPU
		{8E9176D2-7891-5AAD-805F-66AF40F42ABE}.Release|Any CPU.Build.0 = Release|Any CPU
		{9F473E96-CD59-530B-9C97-DDCFE4AC35A3}.Debug|Any CPU.ActiveCfg = Debug|Any CPU
		{9F473E96-CD59-530B-9C97-DDCFE4AC35A3}.Debug|Any CPU.Build.0 = Debug|Any CPU
		{9F473E96-CD59-530B-9C97-DDCFE4AC35A3}.Release|Any CPU.ActiveCfg = Release|Any CPU
		{9F473E96-CD59-530B-9C97-DDCFE4AC35A3}.Release|Any CPU.Build.0 = Release|Any CPU
		{E50B17F4-03B8-51E2-A5BD-9BC908953069}.Debug|Any CPU.ActiveCfg = Debug|Any CPU
		{E50B17F4-03B8-51E2-A5BD-9BC908953069}.Debug|Any CPU.Build.0 = Debug|Any CPU
		{E50B17F4-03B8-51E2-A5BD-9BC908953069}.Release|Any CPU.ActiveCfg = Release|Any CPU
		{E50B17F4-03B8-51E2-A5BD-9BC908953069}.Release|Any CPU.Build.0 = Release|Any CPU
		{F14393F9-EC23-5861-9B71-F96B8B8DF99F}.Debug|Any CPU.ActiveCfg = Debug|Any CPU
		{F14393F9-EC23-5861-9B71-F96B8B8DF99F}.Debug|Any CPU.Build.0 = Debug|Any CPU
		{F14393F9-EC23-5861-9B71-F96B8B8DF99F}.Release|Any CPU.ActiveCfg = Release|Any CPU
		{F14393F9-EC23-5861-9B71-F96B8B8DF99F}.Release|Any CPU.Build.0 = Release|Any CPU
		{72335009-8686-52D2-8B15-DDA51E49A69C}.Debug|Any CPU.ActiveCfg = Debug|Any CPU
		{72335009-8686-52D2-8B15-DDA51E49A69C}.Debug|Any CPU.Build.0 = Debug|Any CPU
		{72335009-8686-52D2-8B15-DDA51E49A69C}.Release|Any CPU.ActiveCfg = Release|Any CPU
		{72335009-8686-52D2-8B15-DDA51E49A69C}.Release|Any CPU.Build.0 = Release|Any CPU
		{1FEC4E67-66D5-5294-B8A1-A649A95DA900}.Debug|Any CPU.ActiveCfg = Debug|Any CPU
		{1FEC4E67-66D5-5294-B8A1-A649A95DA900}.Debug|Any CPU.Build.0 = Debug|Any CPU
		{1FEC4E67-66D5-5294-B8A1-A649A95DA900}.Release|Any CPU.ActiveCfg = Release|Any CPU
		{1FEC4E67-66D5-5294-B8A1-A649A95DA900}.Release|Any CPU.Build.0 = Release|Any CPU
		{84F189CE-0C25-524D-8252-780F0B6D5497}.Debug|Any CPU.ActiveCfg = Debug|Any CPU
		{84F189CE-0C25-524D-8252-780F0B6D5497}.Debug|Any CPU.Build.0 = Debug|Any CPU
		{84F189CE-0C25-524D-8252-780F0B6D5497}.Release|Any CPU.ActiveCfg = Release|Any CPU
		{84F189CE-0C25-524D-8252-780F0B6D5497}.Release|Any CPU.Build.0 = Release|Any CPU
		{72A0ACC3-D72F-56B5-80F0-009331AB8907}.Debug|Any CPU.ActiveCfg = Debug|Any CPU
		{72A0ACC3-D72F-56B5-80F0-009331AB8907}.Debug|Any CPU.Build.0 = Debug|Any CPU
		{72A0ACC3-D72F-56B5-80F0-009331AB8907}.Release|Any CPU.ActiveCfg = Release|Any CPU
		{72A0ACC3-D72F-56B5-80F0-009331AB8907}.Release|Any CPU.Build.0 = Release|Any CPU
	EndGlobalSection
	GlobalSection(SolutionProperties) = preSolution
		HideSolutionNode = FALSE
	EndGlobalSection
EndGlobal
