{
  "version": 2,
  "dependencies": {
    "net9.0": {
      "Npgsql": {
        "type": "Direct",
        "requested": "[9.0.5, )",
        "resolved": "9.0.5",
        "contentHash": "NRZkUlTUh06f7f14wriEoO+BrJcyw/agh3xozXLM3ii7C/08SyXqcI89EMfZJuHkOcfDU8W0enGcZ8RGNVOw0w==",
        "dependencies": {
          "Microsoft.Extensions.Logging.Abstractions": "8.0.2"
        }
      },
      "Microsoft.Extensions.DependencyInjection.Abstractions": {
        "type": "Transitive",
        "resolved": "8.0.2",
        "contentHash": "3iE7UF7MQkCv1cxzCahz+Y/guQbTqieyxyaWKhrRO91itI9cOKO76OHeQDahqG4MmW5umr3CcCvGmK92lWNlbg=="
      },
      "Microsoft.Extensions.Logging.Abstractions": {
        "type": "Transitive",
        "resolved": "8.0.2",
        "contentHash": "nroMDjS7hNBPtkZqVBbSiQaQjWRDxITI8Y7XnDs97rqG3EbzVTNLZQf7bIeUJcaHOV8bca47s1Uxq94+2oGdxA==",
        "dependencies": {
          "Microsoft.Extensions.DependencyInjection.Abstractions": "8.0.2"
        }
      },
      "musicaaprender.buildingblocks.application": {
        "type": "Project",
        "dependencies": {
          "MusicaAprender.BuildingBlocks.Contracts": "[1.0.0, )",
          "MusicaAprender.BuildingBlocks.Domain": "[1.0.0, )"
        }
      },
      "musicaaprender.buildingblocks.contracts": {
        "type": "Project"
      },
      "musicaaprender.buildingblocks.domain": {
        "type": "Project"
      },
      "musicaaprender.buildingblocks.infrastructure": {
        "type": "Project",
        "dependencies": {
          "MusicaAprender.BuildingBlocks.Application": "[1.0.0, )",
          "MusicaAprender.BuildingBlocks.Contracts": "[1.0.0, )",
          "MusicaAprender.BuildingBlocks.Domain": "[1.0.0, )"
        }
      },
      "musicaaprender.modules.catalog": {
        "type": "Project",
        "dependencies": {
          "MusicaAprender.BuildingBlocks.Application": "[1.0.0, )",
          "MusicaAprender.BuildingBlocks.Contracts": "[1.0.0, )",
          "MusicaAprender.BuildingBlocks.Domain": "[1.0.0, )"
        }
      },
      "musicaaprender.modules.configuration": {
        "type": "Project",
        "dependencies": {
          "MusicaAprender.BuildingBlocks.Application": "[1.0.0, )",
          "MusicaAprender.BuildingBlocks.Contracts": "[1.0.0, )",
          "MusicaAprender.BuildingBlocks.Domain": "[1.0.0, )"
        }
      },
      "musicaaprender.modules.content": {
        "type": "Project",
        "dependencies": {
          "MusicaAprender.BuildingBlocks.Application": "[1.0.0, )",
          "MusicaAprender.BuildingBlocks.Contracts": "[1.0.0, )",
          "MusicaAprender.BuildingBlocks.Domain": "[1.0.0, )"
        }
      },
      "musicaaprender.modules.editorial": {
        "type": "Project",
        "dependencies": {
          "MusicaAprender.BuildingBlocks.Application": "[1.0.0, )",
          "MusicaAprender.BuildingBlocks.Contracts": "[1.0.0, )",
          "MusicaAprender.BuildingBlocks.Domain": "[1.0.0, )"
        }
      },
      "musicaaprender.modules.identity": {
        "type": "Project",
        "dependencies": {
          "MusicaAprender.BuildingBlocks.Application": "[1.0.0, )",
          "MusicaAprender.BuildingBlocks.Contracts": "[1.0.0, )",
          "MusicaAprender.BuildingBlocks.Domain": "[1.0.0, )"
        }
      },
      "musicaaprender.modules.learning": {
        "type": "Project",
        "dependencies": {
          "MusicaAprender.BuildingBlocks.Application": "[1.0.0, )",
          "MusicaAprender.BuildingBlocks.Contracts": "[1.0.0, )",
          "MusicaAprender.BuildingBlocks.Domain": "[1.0.0, )"
        }
      },
      "musicaaprender.modules.progress": {
        "type": "Project",
        "dependencies": {
          "MusicaAprender.BuildingBlocks.Application": "[1.0.0, )",
          "MusicaAprender.BuildingBlocks.Contracts": "[1.0.0, )",
          "MusicaAprender.BuildingBlocks.Domain": "[1.0.0, )"
        }
      },
      "musicaaprender.modules.security": {
        "type": "Project",
        "dependencies": {
          "MusicaAprender.BuildingBlocks.Application": "[1.0.0, )",
          "MusicaAprender.BuildingBlocks.Contracts": "[1.0.0, )",
          "MusicaAprender.BuildingBlocks.Domain": "[1.0.0, )"
        }
      }
    }
  }
}